
Microsoft Visual Studio Solution File, Format Version 12.00
# Visual Studio Version 17
VisualStudioVersion = 17.7.34031.279
MinimumVisualStudioVersion = 10.0.40219.1
Project("{FAE04EC0-301F-11D3-BF4B-00C04F79EFBC}") = "presupuestoAPIEV2UribeInzunza", "presupuestoAPIEV2UribeInzunza\presupuestoAPIEV2UribeInzunza.csproj", "{E7253672-5261-429A-8FBD-D4016376789F}"
EndProject
Global
	GlobalSection(SolutionConfigurationPlatforms) = preSolution
		Debug|Any CPU = Debug|Any CPU
		Release|Any CPU = Release|Any CPU
	EndGlobalSection
	GlobalSection(ProjectConfigurationPlatforms) = postSolution
		{E7253672-5261-429A-8FBD-D4016376789F}.Debug|Any CPU.ActiveCfg = Debug|Any CPU
		{E7253672-5261-429A-8FBD-D4016376789F}.Debug|Any CPU.Build.0 = Debug|Any CPU
		{E7253672-5261-429A-8FBD-D4016376789F}.Release|Any CPU.ActiveCfg = Release|Any CPU
		{E7253672-5261-429A-8FBD-D4016376789F}.Release|Any CPU.Build.0 = Release|Any CPU
	EndGlobalSection
	GlobalSection(SolutionProperties) = preSolution
		HideSolutionNode = FALSE
	EndGlobalSection
	GlobalSection(ExtensibilityGlobals) = postSolution
		SolutionGuid = {22099036-0186-4F5E-9572-10CD76C65FF9}
	EndGlobalSection
EndGlobal
